
Microsoft Visual Studio Solution File, Format Version 12.00
# Visual Studio 2012
Project("{FAE04EC0-301F-11D3-BF4B-00C04F79EFBC}") = "rosetta_api", "rosetta_api\rosetta_api.csproj", "{BD1C3FA9-09A2-450C-82E5-44FAE11C0AB9}"
EndProject
Project("{2150E333-8FDC-42A3-9474-1A3956D46DE8}") = "Solution Items", "Solution Items", "{8A39E337-7AAD-419B-BC5E-2B8EF6183525}"
EndProject
Global
	GlobalSection(SolutionConfigurationPlatforms) = preSolution
		Debug|x86 = Debug|x86
		Release|x86 = Release|x86
	EndGlobalSection
	GlobalSection(ProjectConfigurationPlatforms) = postSolution
		{BD1C3FA9-09A2-450C-82E5-44FAE11C0AB9}.Debug|x86.ActiveCfg = Debug|x86
		{BD1C3FA9-09A2-450C-82E5-44FAE11C0AB9}.Debug|x86.Build.0 = Debug|x86
		{BD1C3FA9-09A2-450C-82E5-44FAE11C0AB9}.Release|x86.ActiveCfg = Release|x86
		{BD1C3FA9-09A2-450C-82E5-44FAE11C0AB9}.Release|x86.Build.0 = Release|x86
	EndGlobalSection
EndGlobal
